
Microsoft Visual Studio Solution File, Format Version 12.00
# Visual Studio Version 16
VisualStudioVersion = 16.0.30413.136
MinimumVisualStudioVersion = 10.0.40219.1
Project("{2150E333-8FDC-42A3-9474-1A3956D46DE8}") = "src", "src", "{A89AF9D7-C67B-46B8-8C4D-573CA4E00961}"
EndProject
Project("{2150E333-8FDC-42A3-9474-1A3956D46DE8}") = "Catalog", "Catalog", "{76D7710C-0F21-4C4D-B0B8-8CDAC2E72361}"
EndProject
Project("{9A19103F-16F7-4668-BE54-9A1E7A4F7556}") = "Catalog.API", "src\Catalog\Catalog.API\Catalog.API.csproj", "{37896D03-A62D-40E1-8433-15BA4EE35B80}"
EndProject
Project("{E53339B2-1760-4266-BCC7-CA923CBCF16C}") = "docker-compose", "docker-compose.dcproj", "{BF68C9A9-327E-4D46-AF0C-A3B26C9F8247}"
EndProject
Project("{2150E333-8FDC-42A3-9474-1A3956D46DE8}") = "Basket", "Basket", "{5E81942C-EB3A-4628-829D-38FE41AC4B6B}"
EndProject
Project("{9A19103F-16F7-4668-BE54-9A1E7A4F7556}") = "Basket.API", "src\Basket\Basket.API\Basket.API.csproj", "{3C256AD3-23BE-4221-A728-34183189F296}"
EndProject
Project("{2150E333-8FDC-42A3-9474-1A3956D46DE8}") = "Common", "Common", "{16DCDA7D-7EA3-40A7-9F76-8F0791DDD21A}"
EndProject
Project("{9A19103F-16F7-4668-BE54-9A1E7A4F7556}") = "EventBusRabbitMQ", "src\Common\EventBusRabbitMQ\EventBusRabbitMQ.csproj", "{BF275A8F-9B78-4C8E-B770-AEAEC7F57489}"
EndProject
Project("{2150E333-8FDC-42A3-9474-1A3956D46DE8}") = "Ordering", "Ordering", "{3B560C97-E985-4530-B796-CD61070BBFF9}"
EndProject
Project("{9A19103F-16F7-4668-BE54-9A1E7A4F7556}") = "Ordering.API", "src\Ordering\Ordering.API\Ordering.API.csproj", "{E1FE8DD4-4D04-4030-87B8-D1A39C69AF88}"
EndProject
Project("{9A19103F-16F7-4668-BE54-9A1E7A4F7556}") = "Ordering.Core", "src\Ordering\Ordering.Core\Ordering.Core.csproj", "{83D42FA7-5597-4681-B11B-132DD9FB590A}"
EndProject
Project("{9A19103F-16F7-4668-BE54-9A1E7A4F7556}") = "Ordering.Infastructure", "src\Ordering\Ordering.Infastructure\Ordering.Infastructure.csproj", "{67080323-F73A-4907-B142-050079664B38}"
EndProject
Project("{9A19103F-16F7-4668-BE54-9A1E7A4F7556}") = "Ordering.Application", "src\Ordering\Ordering.Application\Ordering.Application.csproj", "{ED0DF852-E947-4839-8416-CBBEC36D9906}"
EndProject
Project("{2150E333-8FDC-42A3-9474-1A3956D46DE8}") = "ApiGateway", "ApiGateway", "{D3123A03-B733-497F-AED3-B40B39BE1929}"
EndProject
Project("{9A19103F-16F7-4668-BE54-9A1E7A4F7556}") = "OcelotAPIGateway", "src\ApiGateway\OcelotAPIGateway\OcelotAPIGateway.csproj", "{CE012503-A0C8-4BA5-AEBF-61FF6C496151}"
EndProject
Project("{2150E333-8FDC-42A3-9474-1A3956D46DE8}") = "WebApp", "WebApp", "{450B154D-77BC-438D-B4D2-648B8E119DBB}"
EndProject
Project("{9A19103F-16F7-4668-BE54-9A1E7A4F7556}") = "AspnetRunBasics", "src\WebApp\AspnetRunBasics\AspnetRunBasics.csproj", "{60C58B83-1B6A-400A-900E-81D7D8E7E460}"
EndProject
Global
	GlobalSection(SolutionConfigurationPlatforms) = preSolution
		Debug|Any CPU = Debug|Any CPU
		Release|Any CPU = Release|Any CPU
	EndGlobalSection
	GlobalSection(ProjectConfigurationPlatforms) = postSolution
		{37896D03-A62D-40E1-8433-15BA4EE35B80}.Debug|Any CPU.ActiveCfg = Debug|Any CPU
		{37896D03-A62D-40E1-8433-15BA4EE35B80}.Debug|Any CPU.Build.0 = Debug|Any CPU
		{37896D03-A62D-40E1-8433-15BA4EE35B80}.Release|Any CPU.ActiveCfg = Release|Any CPU
		{37896D03-A62D-40E1-8433-15BA4EE35B80}.Release|Any CPU.Build.0 = Release|Any CPU
		{BF68C9A9-327E-4D46-AF0C-A3B26C9F8247}.Debug|Any CPU.ActiveCfg = Debug|Any CPU
		{BF68C9A9-327E-4D46-AF0C-A3B26C9F8247}.Debug|Any CPU.Build.0 = Debug|Any CPU
		{BF68C9A9-327E-4D46-AF0C-A3B26C9F8247}.Release|Any CPU.ActiveCfg = Release|Any CPU
		{BF68C9A9-327E-4D46-AF0C-A3B26C9F8247}.Release|Any CPU.Build.0 = Release|Any CPU
		{3C256AD3-23BE-4221-A728-34183189F296}.Debug|Any CPU.ActiveCfg = Debug|Any CPU
		{3C256AD3-23BE-4221-A728-34183189F296}.Debug|Any CPU.Build.0 = Debug|Any CPU
		{3C256AD3-23BE-4221-A728-34183189F296}.Release|Any CPU.ActiveCfg = Release|Any CPU
		{3C256AD3-23BE-4221-A728-34183189F296}.Release|Any CPU.Build.0 = Release|Any CPU
		{BF275A8F-9B78-4C8E-B770-AEAEC7F57489}.Debug|Any CPU.ActiveCfg = Debug|Any CPU
		{BF275A8F-9B78-4C8E-B770-AEAEC7F57489}.Debug|Any CPU.Build.0 = Debug|Any CPU
		{BF275A8F-9B78-4C8E-B770-AEAEC7F57489}.Release|Any CPU.ActiveCfg = Release|Any CPU
		{BF275A8F-9B78-4C8E-B770-AEAEC7F57489}.Release|Any CPU.Build.0 = Release|Any CPU
		{E1FE8DD4-4D04-4030-87B8-D1A39C69AF88}.Debug|Any CPU.ActiveCfg = Debug|Any CPU
		{E1FE8DD4-4D04-4030-87B8-D1A39C69AF88}.Debug|Any CPU.Build.0 = Debug|Any CPU
		{E1FE8DD4-4D04-4030-87B8-D1A39C69AF88}.Release|Any CPU.ActiveCfg = Release|Any CPU
		{E1FE8DD4-4D04-4030-87B8-D1A39C69AF88}.Release|Any CPU.Build.0 = Release|Any CPU
		{83D42FA7-5597-4681-B11B-132DD9FB590A}.Debug|Any CPU.ActiveCfg = Debug|Any CPU
		{83D42FA7-5597-4681-B11B-132DD9FB590A}.Debug|Any CPU.Build.0 = Debug|Any CPU
		{83D42FA7-5597-4681-B11B-132DD9FB590A}.Release|Any CPU.ActiveCfg = Release|Any CPU
		{83D42FA7-5597-4681-B11B-132DD9FB590A}.Release|Any CPU.Build.0 = Release|Any CPU
		{67080323-F73A-4907-B142-050079664B38}.Debug|Any CPU.ActiveCfg = Debug|Any CPU
		{67080323-F73A-4907-B142-050079664B38}.Debug|Any CPU.Build.0 = Debug|Any CPU
		{67080323-F73A-4907-B142-050079664B38}.Release|Any CPU.ActiveCfg = Release|Any CPU
		{67080323-F73A-4907-B142-050079664B38}.Release|Any CPU.Build.0 = Release|Any CPU
		{ED0DF852-E947-4839-8416-CBBEC36D9906}.Debug|Any CPU.ActiveCfg = Debug|Any CPU
		{ED0DF852-E947-4839-8416-CBBEC36D9906}.Debug|Any CPU.Build.0 = Debug|Any CPU
		{ED0DF852-E947-4839-8416-CBBEC36D9906}.Release|Any CPU.ActiveCfg = Release|Any CPU
		{ED0DF852-E947-4839-8416-CBBEC36D9906}.Release|Any CPU.Build.0 = Release|Any CPU
		{CE012503-A0C8-4BA5-AEBF-61FF6C496151}.Debug|Any CPU.ActiveCfg = Debug|Any CPU
		{CE012503-A0C8-4BA5-AEBF-61FF6C496151}.Debug|Any CPU.Build.0 = Debug|Any CPU
		{CE012503-A0C8-4BA5-AEBF-61FF6C496151}.Release|Any CPU.ActiveCfg = Release|Any CPU
		{CE012503-A0C8-4BA5-AEBF-61FF6C496151}.Release|Any CPU.Build.0 = Release|Any CPU
		{60C58B83-1B6A-400A-900E-81D7D8E7E460}.Debug|Any CPU.ActiveCfg = Debug|Any CPU
		{60C58B83-1B6A-400A-900E-81D7D8E7E460}.Debug|Any CPU.Build.0 = Debug|Any CPU
		{60C58B83-1B6A-400A-900E-81D7D8E7E460}.Release|Any CPU.ActiveCfg = Release|Any CPU
		{60C58B83-1B6A-400A-900E-81D7D8E7E460}.Release|Any CPU.Build.0 = Release|Any CPU
	EndGlobalSection
	GlobalSection(SolutionProperties) = preSolution
		HideSolutionNode = FALSE
	EndGlobalSection
	GlobalSection(NestedProjects) = preSolution
		{76D7710C-0F21-4C4D-B0B8-8CDAC2E72361} = {A89AF9D7-C67B-46B8-8C4D-573CA4E00961}
		{37896D03-A62D-40E1-8433-15BA4EE35B80} = {76D7710C-0F21-4C4D-B0B8-8CDAC2E72361}
		{5E81942C-EB3A-4628-829D-38FE41AC4B6B} = {A89AF9D7-C67B-46B8-8C4D-573CA4E00961}
		{3C256AD3-23BE-4221-A728-34183189F296} = {5E81942C-EB3A-4628-829D-38FE41AC4B6B}
		{16DCDA7D-7EA3-40A7-9F76-8F0791DDD21A} = {A89AF9D7-C67B-46B8-8C4D-573CA4E00961}
		{BF275A8F-9B78-4C8E-B770-AEAEC7F57489} = {16DCDA7D-7EA3-40A7-9F76-8F0791DDD21A}
		{3B560C97-E985-4530-B796-CD61070BBFF9} = {A89AF9D7-C67B-46B8-8C4D-573CA4E00961}
		{E1FE8DD4-4D04-4030-87B8-D1A39C69AF88} = {3B560C97-E985-4530-B796-CD61070BBFF9}
		{83D42FA7-5597-4681-B11B-132DD9FB590A} = {3B560C97-E985-4530-B796-CD61070BBFF9}
		{67080323-F73A-4907-B142-050079664B38} = {3B560C97-E985-4530-B796-CD61070BBFF9}
		{ED0DF852-E947-4839-8416-CBBEC36D9906} = {3B560C97-E985-4530-B796-CD61070BBFF9}
		{D3123A03-B733-497F-AED3-B40B39BE1929} = {A89AF9D7-C67B-46B8-8C4D-573CA4E00961}
		{CE012503-A0C8-4BA5-AEBF-61FF6C496151} = {D3123A03-B733-497F-AED3-B40B39BE1929}
		{450B154D-77BC-438D-B4D2-648B8E119DBB} = {A89AF9D7-C67B-46B8-8C4D-573CA4E00961}
		{60C58B83-1B6A-400A-900E-81D7D8E7E460} = {450B154D-77BC-438D-B4D2-648B8E119DBB}
	EndGlobalSection
	GlobalSection(ExtensibilityGlobals) = postSolution
		SolutionGuid = {1EB7C2D4-6BEB-423A-9EB7-983E6D38B0C6}
	EndGlobalSection
EndGlobal
